// !$*UTF8*$!
{
	archiveVersion = 1;
	classes = {
	};
	objectVersion = 56;
	objects = {

/* Begin PBXBuildFile section */
		0A0F1DD72B51567E00C461A3 /* CastledUtils.swift in Sources */ = {isa = PBXBuildFile; fileRef = 0A0F1DD32B51567E00C461A3 /* CastledUtils.swift */; };
		0A0F1DD82B51567E00C461A3 /* RTNCastledNotifications.swift in Sources */ = {isa = PBXBuildFile; fileRef = 0A0F1DD42B51567E00C461A3 /* RTNCastledNotifications.swift */; };
		0A0F1DD92B51567E00C461A3 /* CastledReactBridge.m in Sources */ = {isa = PBXBuildFile; fileRef = 0A0F1DD52B51567E00C461A3 /* CastledReactBridge.m */; };
		0A5CC3AC2B52C2F000ED942D /* RTNCastledEventEmitter.swift in Sources */ = {isa = PBXBuildFile; fileRef = 0A5CC3AA2B52C2F000ED942D /* RTNCastledEventEmitter.swift */; };
		0A9CC2D82B5F8D7500B24010 /* RTNCastledNotifications.mm in Sources */ = {isa = PBXBuildFile; fileRef = 0A9CC2D72B5F8D7500B24010 /* RTNCastledNotifications.mm */; };
/* End PBXBuildFile section */

/* Begin PBXCopyFilesBuildPhase section */
		0AFA8D982B335C7000DF4DBE /* CopyFiles */ = {
			isa = PBXCopyFilesBuildPhase;
			buildActionMask = 2147483647;
			dstPath = "include/$(PRODUCT_NAME)";
			dstSubfolderSpec = 16;
			files = (
			);
			runOnlyForDeploymentPostprocessing = 0;
		};
/* End PBXCopyFilesBuildPhase section */

/* Begin PBXFileReference section */
		0A0F1DD02B51567E00C461A3 /* CastledReactBridge.h */ = {isa = PBXFileReference; fileEncoding = 4; lastKnownFileType = sourcecode.c.h; path = CastledReactBridge.h; sourceTree = "<group>"; };
		0A0F1DD32B51567E00C461A3 /* CastledUtils.swift */ = {isa = PBXFileReference; fileEncoding = 4; lastKnownFileType = sourcecode.swift; path = CastledUtils.swift; sourceTree = "<group>"; };
		0A0F1DD42B51567E00C461A3 /* RTNCastledNotifications.swift */ = {isa = PBXFileReference; fileEncoding = 4; lastKnownFileType = sourcecode.swift; path = RTNCastledNotifications.swift; sourceTree = "<group>"; };
		0A0F1DD52B51567E00C461A3 /* CastledReactBridge.m */ = {isa = PBXFileReference; fileEncoding = 4; lastKnownFileType = sourcecode.c.objc; path = CastledReactBridge.m; sourceTree = "<group>"; };
		0A0F1DDA2B51570A00C461A3 /* RTNCastledNotifications-Bridging-Header.h */ = {isa = PBXFileReference; fileEncoding = 4; lastKnownFileType = sourcecode.c.h; path = "RTNCastledNotifications-Bridging-Header.h"; sourceTree = "<group>"; };
		0A5CC3AA2B52C2F000ED942D /* RTNCastledEventEmitter.swift */ = {isa = PBXFileReference; fileEncoding = 4; lastKnownFileType = sourcecode.swift; path = RTNCastledEventEmitter.swift; sourceTree = "<group>"; };
		0A9CC2D72B5F8D7500B24010 /* RTNCastledNotifications.mm */ = {isa = PBXFileReference; fileEncoding = 4; lastKnownFileType = sourcecode.cpp.objcpp; path = RTNCastledNotifications.mm; sourceTree = "<group>"; };
		0AFA8D9A2B335C7000DF4DBE /* libRTNCastledNotifications.a */ = {isa = PBXFileReference; explicitFileType = archive.ar; includeInIndex = 0; path = libRTNCastledNotifications.a; sourceTree = BUILT_PRODUCTS_DIR; };
/* End PBXFileReference section */

/* Begin PBXFrameworksBuildPhase section */
		0AFA8D972B335C7000DF4DBE /* Frameworks */ = {
			isa = PBXFrameworksBuildPhase;
			buildActionMask = 2147483647;
			files = (
			);
			runOnlyForDeploymentPostprocessing = 0;
		};
/* End PBXFrameworksBuildPhase section */

/* Begin PBXGroup section */
		0AFA8D912B335C7000DF4DBE = {
			isa = PBXGroup;
			children = (
				0AFA8D9C2B335C7000DF4DBE /* RTNCastledNotifications */,
				0AFA8D9B2B335C7000DF4DBE /* Products */,
			);
			sourceTree = "<group>";
		};
		0AFA8D9B2B335C7000DF4DBE /* Products */ = {
			isa = PBXGroup;
			children = (
				0AFA8D9A2B335C7000DF4DBE /* libRTNCastledNotifications.a */,
			);
			name = Products;
			sourceTree = "<group>";
		};
		0AFA8D9C2B335C7000DF4DBE /* RTNCastledNotifications */ = {
			isa = PBXGroup;
			children = (
				0A0F1DD02B51567E00C461A3 /* CastledReactBridge.h */,
				0A0F1DD52B51567E00C461A3 /* CastledReactBridge.m */,
				0A0F1DD32B51567E00C461A3 /* CastledUtils.swift */,
				0A9CC2D72B5F8D7500B24010 /* RTNCastledNotifications.mm */,
				0A0F1DD42B51567E00C461A3 /* RTNCastledNotifications.swift */,
				0A5CC3AA2B52C2F000ED942D /* RTNCastledEventEmitter.swift */,
				0A0F1DDA2B51570A00C461A3 /* RTNCastledNotifications-Bridging-Header.h */,
			);
			path = RTNCastledNotifications;
			sourceTree = "<group>";
		};
/* End PBXGroup section */

/* Begin PBXNativeTarget section */
		0AFA8D992B335C7000DF4DBE /* RTNCastledNotifications */ = {
			isa = PBXNativeTarget;
			buildConfigurationList = 0AFA8DA32B335C7000DF4DBE /* Build configuration list for PBXNativeTarget "RTNCastledNotifications" */;
			buildPhases = (
				0AFA8D962B335C7000DF4DBE /* Sources */,
				0AFA8D972B335C7000DF4DBE /* Frameworks */,
				0AFA8D982B335C7000DF4DBE /* CopyFiles */,
			);
			buildRules = (
			);
			dependencies = (
			);
			name = RTNCastledNotifications;
			productName = RTNCastledNotifications;
			productReference = 0AFA8D9A2B335C7000DF4DBE /* libRTNCastledNotifications.a */;
			productType = "com.apple.product-type.library.static";
		};
/* End PBXNativeTarget section */

/* Begin PBXProject section */
		0AFA8D922B335C7000DF4DBE /* Project object */ = {
			isa = PBXProject;
			attributes = {
				BuildIndependentTargetsInParallel = 1;
				LastUpgradeCheck = 1500;
				TargetAttributes = {
					0AFA8D992B335C7000DF4DBE = {
						CreatedOnToolsVersion = 15.0.1;
						LastSwiftMigration = 1500;
					};
				};
			};
			buildConfigurationList = 0AFA8D952B335C7000DF4DBE /* Build configuration list for PBXProject "RTNCastledNotifications" */;
			compatibilityVersion = "Xcode 14.0";
			developmentRegion = en;
			hasScannedForEncodings = 0;
			knownRegions = (
				en,
				Base,
			);
			mainGroup = 0AFA8D912B335C7000DF4DBE;
			productRefGroup = 0AFA8D9B2B335C7000DF4DBE /* Products */;
			projectDirPath = "";
			projectRoot = "";
			targets = (
				0AFA8D992B335C7000DF4DBE /* RTNCastledNotifications */,
			);
		};
/* End PBXProject section */

/* Begin PBXSourcesBuildPhase section */
		0AFA8D962B335C7000DF4DBE /* Sources */ = {
			isa = PBXSourcesBuildPhase;
			buildActionMask = 2147483647;
			files = (
				0A9CC2D82B5F8D7500B24010 /* RTNCastledNotifications.mm in Sources */,
				0A0F1DD92B51567E00C461A3 /* CastledReactBridge.m in Sources */,
				0A0F1DD82B51567E00C461A3 /* RTNCastledNotifications.swift in Sources */,
				0A0F1DD72B51567E00C461A3 /* CastledUtils.swift in Sources */,
				0A5CC3AC2B52C2F000ED942D /* RTNCastledEventEmitter.swift in Sources */,
			);
			runOnlyForDeploymentPostprocessing = 0;
		};
/* End PBXSourcesBuildPhase section */

/* Begin XCBuildConfiguration section */
		0AFA8DA12B335C7000DF4DBE /* Debug */ = {
			isa = XCBuildConfiguration;
			buildSettings = {
				ALWAYS_SEARCH_USER_PATHS = NO;
				ASSETCATALOG_COMPILER_GENERATE_SWIFT_ASSET_SYMBOL_EXTENSIONS = YES;
				CLANG_ANALYZER_NONNULL = YES;
				CLANG_ANALYZER_NUMBER_OBJECT_CONVERSION = YES_AGGRESSIVE;
				CLANG_CXX_LANGUAGE_STANDARD = "gnu++20";
				CLANG_ENABLE_MODULES = YES;
				CLANG_ENABLE_OBJC_ARC = YES;
				CLANG_ENABLE_OBJC_WEAK = YES;
				CLANG_WARN_BLOCK_CAPTURE_AUTORELEASING = YES;
				CLANG_WARN_BOOL_CONVERSION = YES;
				CLANG_WARN_COMMA = YES;
				CLANG_WARN_CONSTANT_CONVERSION = YES;
				CLANG_WARN_DEPRECATED_OBJC_IMPLEMENTATIONS = YES;
				CLANG_WARN_DIRECT_OBJC_ISA_USAGE = YES_ERROR;
				CLANG_WARN_DOCUMENTATION_COMMENTS = YES;
				CLANG_WARN_EMPTY_BODY = YES;
				CLANG_WARN_ENUM_CONVERSION = YES;
				CLANG_WARN_INFINITE_RECURSION = YES;
				CLANG_WARN_INT_CONVERSION = YES;
				CLANG_WARN_NON_LITERAL_NULL_CONVERSION = YES;
				CLANG_WARN_OBJC_IMPLICIT_RETAIN_SELF = YES;
				CLANG_WARN_OBJC_LITERAL_CONVERSION = YES;
				CLANG_WARN_OBJC_ROOT_CLASS = YES_ERROR;
				CLANG_WARN_QUOTED_INCLUDE_IN_FRAMEWORK_HEADER = YES;
				CLANG_WARN_RANGE_LOOP_ANALYSIS = YES;
				CLANG_WARN_STRICT_PROTOTYPES = YES;
				CLANG_WARN_SUSPICIOUS_MOVE = YES;
				CLANG_WARN_UNGUARDED_AVAILABILITY = YES_AGGRESSIVE;
				CLANG_WARN_UNREACHABLE_CODE = YES;
				CLANG_WARN__DUPLICATE_METHOD_MATCH = YES;
				COPY_PHASE_STRIP = NO;
				DEBUG_INFORMATION_FORMAT = dwarf;
				ENABLE_STRICT_OBJC_MSGSEND = YES;
				ENABLE_TESTABILITY = YES;
				ENABLE_USER_SCRIPT_SANDBOXING = YES;
				GCC_C_LANGUAGE_STANDARD = gnu17;
				GCC_DYNAMIC_NO_PIC = NO;
				GCC_NO_COMMON_BLOCKS = YES;
				GCC_OPTIMIZATION_LEVEL = 0;
				GCC_PREPROCESSOR_DEFINITIONS = (
					"DEBUG=1",
					"$(inherited)",
				);
				GCC_WARN_64_TO_32_BIT_CONVERSION = YES;
				GCC_WARN_ABOUT_RETURN_TYPE = YES_ERROR;
				GCC_WARN_UNDECLARED_SELECTOR = YES;
				GCC_WARN_UNINITIALIZED_AUTOS = YES_AGGRESSIVE;
				GCC_WARN_UNUSED_FUNCTION = YES;
				GCC_WARN_UNUSED_VARIABLE = YES;
				IPHONEOS_DEPLOYMENT_TARGET = 17.0;
				LOCALIZATION_PREFERS_STRING_CATALOGS = YES;
				MTL_ENABLE_DEBUG_INFO = INCLUDE_SOURCE;
				MTL_FAST_MATH = YES;
				ONLY_ACTIVE_ARCH = YES;
				SDKROOT = iphoneos;
			};
			name = Debug;
		};
		0AFA8DA22B335C7000DF4DBE /* Release */ = {
			isa = XCBuildConfiguration;
			buildSettings = {
				ALWAYS_SEARCH_USER_PATHS = NO;
				ASSETCATALOG_COMPILER_GENERATE_SWIFT_ASSET_SYMBOL_EXTENSIONS = YES;
				CLANG_ANALYZER_NONNULL = YES;
				CLANG_ANALYZER_NUMBER_OBJECT_CONVERSION = YES_AGGRESSIVE;
				CLANG_CXX_LANGUAGE_STANDARD = "gnu++20";
				CLANG_ENABLE_MODULES = YES;
				CLANG_ENABLE_OBJC_ARC = YES;
				CLANG_ENABLE_OBJC_WEAK = YES;
				CLANG_WARN_BLOCK_CAPTURE_AUTORELEASING = YES;
				CLANG_WARN_BOOL_CONVERSION = YES;
				CLANG_WARN_COMMA = YES;
				CLANG_WARN_CONSTANT_CONVERSION = YES;
				CLANG_WARN_DEPRECATED_OBJC_IMPLEMENTATIONS = YES;
				CLANG_WARN_DIRECT_OBJC_ISA_USAGE = YES_ERROR;
				CLANG_WARN_DOCUMENTATION_COMMENTS = YES;
				CLANG_WARN_EMPTY_BODY = YES;
				CLANG_WARN_ENUM_CONVERSION = YES;
				CLANG_WARN_INFINITE_RECURSION = YES;
				CLANG_WARN_INT_CONVERSION = YES;
				CLANG_WARN_NON_LITERAL_NULL_CONVERSION = YES;
				CLANG_WARN_OBJC_IMPLICIT_RETAIN_SELF = YES;
				CLANG_WARN_OBJC_LITERAL_CONVERSION = YES;
				CLANG_WARN_OBJC_ROOT_CLASS = YES_ERROR;
				CLANG_WARN_QUOTED_INCLUDE_IN_FRAMEWORK_HEADER = YES;
				CLANG_WARN_RANGE_LOOP_ANALYSIS = YES;
				CLANG_WARN_STRICT_PROTOTYPES = YES;
				CLANG_WARN_SUSPICIOUS_MOVE = YES;
				CLANG_WARN_UNGUARDED_AVAILABILITY = YES_AGGRESSIVE;
				CLANG_WARN_UNREACHABLE_CODE = YES;
				CLANG_WARN__DUPLICATE_METHOD_MATCH = YES;
				COPY_PHASE_STRIP = NO;
				DEBUG_INFORMATION_FORMAT = "dwarf-with-dsym";
				ENABLE_NS_ASSERTIONS = NO;
				ENABLE_STRICT_OBJC_MSGSEND = YES;
				ENABLE_USER_SCRIPT_SANDBOXING = YES;
				GCC_C_LANGUAGE_STANDARD = gnu17;
				GCC_NO_COMMON_BLOCKS = YES;
				GCC_WARN_64_TO_32_BIT_CONVERSION = YES;
				GCC_WARN_ABOUT_RETURN_TYPE = YES_ERROR;
				GCC_WARN_UNDECLARED_SELECTOR = YES;
				GCC_WARN_UNINITIALIZED_AUTOS = YES_AGGRESSIVE;
				GCC_WARN_UNUSED_FUNCTION = YES;
				GCC_WARN_UNUSED_VARIABLE = YES;
				IPHONEOS_DEPLOYMENT_TARGET = 17.0;
				LOCALIZATION_PREFERS_STRING_CATALOGS = YES;
				MTL_ENABLE_DEBUG_INFO = NO;
				MTL_FAST_MATH = YES;
				SDKROOT = iphoneos;
				VALIDATE_PRODUCT = YES;
			};
			name = Release;
		};
		0AFA8DA42B335C7000DF4DBE /* Debug */ = {
			isa = XCBuildConfiguration;
			buildSettings = {
				CLANG_ENABLE_MODULES = YES;
				CODE_SIGN_STYLE = Automatic;
				DEVELOPMENT_TEAM = 2BYR4Y5453;
				HEADER_SEARCH_PATHS = (
					"$(SRCROOT)/../../node_modules/react-native/React",
					"$(SRCROOT)/../../../React",
					"$(inherited)",
					/Applications/Xcode.app/Contents/Developer/Toolchains/XcodeDefault.xctoolchain/usr/include,
				);
				OTHER_LDFLAGS = "-ObjC";
				PRODUCT_NAME = "$(TARGET_NAME)";
				SKIP_INSTALL = YES;
				SWIFT_OBJC_BRIDGING_HEADER = "RTNCastledNotifications/RTNCastledNotifications-Bridging-Header.h";
				SWIFT_OPTIMIZATION_LEVEL = "-Onone";
				SWIFT_VERSION = 5.0;
				TARGETED_DEVICE_FAMILY = "1,2";
			};
			name = Debug;
		};
		0AFA8DA52B335C7000DF4DBE /* Release */ = {
			isa = XCBuildConfiguration;
			buildSettings = {
				CLANG_ENABLE_MODULES = YES;
				CODE_SIGN_STYLE = Automatic;
				DEVELOPMENT_TEAM = 2BYR4Y5453;
				HEADER_SEARCH_PATHS = (
					"$(SRCROOT)/../../node_modules/react-native/React",
					/Applications/Xcode.app/Contents/Developer/Toolchains/XcodeDefault.xctoolchain/usr/include,
					"$(SRCROOT)/../../../React",
					"$(SRCROOT)/../../react-native/React",
				);
				OTHER_LDFLAGS = "-ObjC";
				PRODUCT_NAME = "$(TARGET_NAME)";
				SKIP_INSTALL = YES;
				SWIFT_OBJC_BRIDGING_HEADER = "RTNCastledNotifications/RTNCastledNotifications-Bridging-Header.h";
				SWIFT_VERSION = 5.0;
				TARGETED_DEVICE_FAMILY = "1,2";
			};
			name = Release;
		};
/* End XCBuildConfiguration section */

/* Begin XCConfigurationList section */
		0AFA8D952B335C7000DF4DBE /* Build configuration list for PBXProject "RTNCastledNotifications" */ = {
			isa = XCConfigurationList;
			buildConfigurations = (
				0AFA8DA12B335C7000DF4DBE /* Debug */,
				0AFA8DA22B335C7000DF4DBE /* Release */,
			);
			defaultConfigurationIsVisible = 0;
			defaultConfigurationName = Release;
		};
		0AFA8DA32B335C7000DF4DBE /* Build configuration list for PBXNativeTarget "RTNCastledNotifications" */ = {
			isa = XCConfigurationList;
			buildConfigurations = (
				0AFA8DA42B335C7000DF4DBE /* Debug */,
				0AFA8DA52B335C7000DF4DBE /* Release */,
			);
			defaultConfigurationIsVisible = 0;
			defaultConfigurationName = Release;
		};
/* End XCConfigurationList section */
	};
	rootObject = 0AFA8D922B335C7000DF4DBE /* Project object */;
}
